
Microsoft Visual Studio Solution File, Format Version 12.00
# Visual Studio Version 17
VisualStudioVersion = 17.10.35027.167
MinimumVisualStudioVersion = 10.0.40219.1
Project("{FAE04EC0-301F-11D3-BF4B-00C04F79EFBC}") = "Spatial_Additive_Manufacturing", "Spatial_Additive_Manufacturing\Spatial_Additive_Manufacturing.csproj", "{CE9CAAC8-8479-4BE0-945D-802F83D2A978}"
EndProject
Global
	GlobalSection(SolutionConfigurationPlatforms) = preSolution
		Debug|Any CPU = Debug|Any CPU
		Release|Any CPU = Release|Any CPU
	EndGlobalSection
	GlobalSection(ProjectConfigurationPlatforms) = postSolution
		{CE9CAAC8-8479-4BE0-945D-802F83D2A978}.Debug|Any CPU.ActiveCfg = Debug|Any CPU
		{CE9CAAC8-8479-4BE0-945D-802F83D2A978}.Debug|Any CPU.Build.0 = Debug|Any CPU
		{CE9CAAC8-8479-4BE0-945D-802F83D2A978}.Release|Any CPU.ActiveCfg = Release|Any CPU
		{CE9CAAC8-8479-4BE0-945D-802F83D2A978}.Release|Any CPU.Build.0 = Release|Any CPU
	EndGlobalSection
	GlobalSection(SolutionProperties) = preSolution
		HideSolutionNode = FALSE
	EndGlobalSection
	GlobalSection(ExtensibilityGlobals) = postSolution
		SolutionGuid = {72F53141-EC1B-4FE1-9B01-1BFCA6B34091}
	EndGlobalSection
EndGlobal
